
Microsoft Visual Studio Solution File, Format Version 12.00
# Visual Studio Version 17
VisualStudioVersion = 17.12.35527.113 d17.12
MinimumVisualStudioVersion = 10.0.40219.1
Project("{FAE04EC0-301F-11D3-BF4B-00C04F79EFBC}") = "My_Portfolio", "My_Portfolio\My_Portfolio.csproj", "{600DCFE8-CD16-4554-9834-33063B9AFD7C}"
EndProject
Global
	GlobalSection(SolutionConfigurationPlatforms) = preSolution
		Debug|Any CPU = Debug|Any CPU
		Release|Any CPU = Release|Any CPU
	EndGlobalSection
	GlobalSection(ProjectConfigurationPlatforms) = postSolution
		{600DCFE8-CD16-4554-9834-33063B9AFD7C}.Debug|Any CPU.ActiveCfg = Debug|Any CPU
		{600DCFE8-CD16-4554-9834-33063B9AFD7C}.Debug|Any CPU.Build.0 = Debug|Any CPU
		{600DCFE8-CD16-4554-9834-33063B9AFD7C}.Release|Any CPU.ActiveCfg = Release|Any CPU
		{600DCFE8-CD16-4554-9834-33063B9AFD7C}.Release|Any CPU.Build.0 = Release|Any CPU
	EndGlobalSection
	GlobalSection(SolutionProperties) = preSolution
		HideSolutionNode = FALSE
	EndGlobalSection
EndGlobal
